
Microsoft Visual Studio Solution File, Format Version 12.00
# Visual Studio Version 16
VisualStudioVersion = 16.0.30717.126
MinimumVisualStudioVersion = 10.0.40219.1
Project("{FAE04EC0-301F-11D3-BF4B-00C04F79EFBC}") = "Find Pi to the Nth digit", "Find Pi to the Nth digit\Find Pi to the Nth digit.csproj", "{1A11A185-F719-4FB3-B6B8-A34A579DA6D2}"
EndProject
Global
	GlobalSection(SolutionConfigurationPlatforms) = preSolution
		Debug|Any CPU = Debug|Any CPU
		Release|Any CPU = Release|Any CPU
	EndGlobalSection
	GlobalSection(ProjectConfigurationPlatforms) = postSolution
		{1A11A185-F719-4FB3-B6B8-A34A579DA6D2}.Debug|Any CPU.ActiveCfg = Debug|Any CPU
		{1A11A185-F719-4FB3-B6B8-A34A579DA6D2}.Debug|Any CPU.Build.0 = Debug|Any CPU
		{1A11A185-F719-4FB3-B6B8-A34A579DA6D2}.Release|Any CPU.ActiveCfg = Release|Any CPU
		{1A11A185-F719-4FB3-B6B8-A34A579DA6D2}.Release|Any CPU.Build.0 = Release|Any CPU
	EndGlobalSection
	GlobalSection(SolutionProperties) = preSolution
		HideSolutionNode = FALSE
	EndGlobalSection
	GlobalSection(ExtensibilityGlobals) = postSolution
		SolutionGuid = {5BD30265-282A-4BBB-BB45-33898D063842}
	EndGlobalSection
EndGlobal
